
Microsoft Visual Studio Solution File, Format Version 12.00
# Visual Studio 2013
VisualStudioVersion = 12.0.31101.0
MinimumVisualStudioVersion = 10.0.40219.1
Project("{FAE04EC0-301F-11D3-BF4B-00C04F79EFBC}") = "FaceRecognition", "FaceRecognition.csproj", "{CC813884-5D90-4044-9571-8FB7C54D9612}"
EndProject
Global
	GlobalSection(SolutionConfigurationPlatforms) = preSolution
		Debug|Any CPU = Debug|Any CPU
		Debug|x86 = Debug|x86
		Release|Any CPU = Release|Any CPU
		Release|x86 = Release|x86
	EndGlobalSection
	GlobalSection(ProjectConfigurationPlatforms) = postSolution
		{CC813884-5D90-4044-9571-8FB7C54D9612}.Debug|Any CPU.ActiveCfg = Debug|x86
		{CC813884-5D90-4044-9571-8FB7C54D9612}.Debug|x86.ActiveCfg = Debug|x86
		{CC813884-5D90-4044-9571-8FB7C54D9612}.Debug|x86.Build.0 = Debug|x86
		{CC813884-5D90-4044-9571-8FB7C54D9612}.Release|Any CPU.ActiveCfg = Release|x86
		{CC813884-5D90-4044-9571-8FB7C54D9612}.Release|x86.ActiveCfg = Release|x86
		{CC813884-5D90-4044-9571-8FB7C54D9612}.Release|x86.Build.0 = Release|x86
	EndGlobalSection
	GlobalSection(SolutionProperties) = preSolution
		HideSolutionNode = FALSE
	EndGlobalSection
EndGlobal
